// !$*UTF8*$!
{
	archiveVersion = 1;
	classes = {
	};
	objectVersion = 46;
	objects = {

/* Begin PBXBuildFile section */
		ED12A1C11CED883000F3EEF4 /* class.swift in Sources */ = {isa = PBXBuildFile; fileRef = ED12A1B21CED87B000F3EEF4 /* class.swift */; };
		ED12A1C31CED884A00F3EEF4 /* AudioToolbox.framework in Frameworks */ = {isa = PBXBuildFile; fileRef = ED12A1C21CED884A00F3EEF4 /* AudioToolbox.framework */; };
/* End PBXBuildFile section */

/* Begin PBXCopyFilesBuildPhase section */
		ED12A1B61CED880B00F3EEF4 /* CopyFiles */ = {
			isa = PBXCopyFilesBuildPhase;
			buildActionMask = 2147483647;
			dstPath = /usr/share/man/man1/;
			dstSubfolderSpec = 0;
			files = (
			);
			runOnlyForDeploymentPostprocessing = 1;
		};
/* End PBXCopyFilesBuildPhase section */

/* Begin PBXFileReference section */
		ED12A1B21CED87B000F3EEF4 /* class.swift */ = {isa = PBXFileReference; lastKnownFileType = sourcecode.swift; path = class.swift; sourceTree = "<group>"; };
		ED12A1C21CED884A00F3EEF4 /* AudioToolbox.framework */ = {isa = PBXFileReference; lastKnownFileType = wrapper.framework; name = AudioToolbox.framework; path = System/Library/Frameworks/AudioToolbox.framework; sourceTree = SDKROOT; };
		ED12A1D01CED918A00F3EEF4 /* empty */ = {isa = PBXFileReference; explicitFileType = "compiled.mach-o.executable"; includeInIndex = 0; name = empty; path = /Users/MP/Desktop/SwiftModuleSample/workspace/lib/build/Debug/empty; sourceTree = "<absolute>"; };
/* End PBXFileReference section */

/* Begin PBXFrameworksBuildPhase section */
		ED12A1B51CED880B00F3EEF4 /* Frameworks */ = {
			isa = PBXFrameworksBuildPhase;
			buildActionMask = 2147483647;
			files = (
				ED12A1C31CED884A00F3EEF4 /* AudioToolbox.framework in Frameworks */,
			);
			runOnlyForDeploymentPostprocessing = 0;
		};
/* End PBXFrameworksBuildPhase section */

/* Begin PBXGroup section */
		ED12A1B11CED87B000F3EEF4 /* src */ = {
			isa = PBXGroup;
			children = (
				ED12A1B21CED87B000F3EEF4 /* class.swift */,
			);
			path = src;
			sourceTree = "<group>";
		};
		ED9B0A821CED7BDB00DEAC3C = {
			isa = PBXGroup;
			children = (
				ED12A1C21CED884A00F3EEF4 /* AudioToolbox.framework */,
				ED12A1B11CED87B000F3EEF4 /* src */,
			);
			sourceTree = "<group>";
		};
/* End PBXGroup section */

/* Begin PBXNativeTarget section */
		ED12A1B71CED880B00F3EEF4 /* empty */ = {
			isa = PBXNativeTarget;
			buildConfigurationList = ED12A1BD1CED880B00F3EEF4 /* Build configuration list for PBXNativeTarget "empty" */;
			buildPhases = (
				ED12A1B41CED880B00F3EEF4 /* Sources */,
				ED12A1B51CED880B00F3EEF4 /* Frameworks */,
				ED12A1B61CED880B00F3EEF4 /* CopyFiles */,
			);
			buildRules = (
			);
			dependencies = (
			);
			name = empty;
			productName = empty;
			productReference = ED12A1D01CED918A00F3EEF4 /* empty */;
			productType = "com.apple.product-type.tool";
		};
/* End PBXNativeTarget section */

/* Begin PBXProject section */
		ED9B0A831CED7BDB00DEAC3C /* Project object */ = {
			isa = PBXProject;
			attributes = {
				LastSwiftUpdateCheck = 0730;
				LastUpgradeCheck = 0730;
				TargetAttributes = {
					ED12A1B71CED880B00F3EEF4 = {
						CreatedOnToolsVersion = 7.3;
					};
				};
			};
			buildConfigurationList = ED9B0A861CED7BDB00DEAC3C /* Build configuration list for PBXProject "lib" */;
			compatibilityVersion = "Xcode 3.2";
			developmentRegion = English;
			hasScannedForEncodings = 0;
			knownRegions = (
				en,
			);
			mainGroup = ED9B0A821CED7BDB00DEAC3C;
			productRefGroup = ED9B0A821CED7BDB00DEAC3C;
			projectDirPath = "";
			projectRoot = "";
			targets = (
				ED12A1B71CED880B00F3EEF4 /* empty */,
			);
		};
/* End PBXProject section */

/* Begin PBXSourcesBuildPhase section */
		ED12A1B41CED880B00F3EEF4 /* Sources */ = {
			isa = PBXSourcesBuildPhase;
			buildActionMask = 2147483647;
			files = (
				ED12A1C11CED883000F3EEF4 /* class.swift in Sources */,
			);
			runOnlyForDeploymentPostprocessing = 0;
		};
/* End PBXSourcesBuildPhase section */

/* Begin XCBuildConfiguration section */
		ED12A1BE1CED880B00F3EEF4 /* Debug */ = {
			isa = XCBuildConfiguration;
			buildSettings = {
				ALWAYS_SEARCH_USER_PATHS = NO;
				CLANG_ANALYZER_NONNULL = YES;
				CLANG_CXX_LANGUAGE_STANDARD = "gnu++0x";
				CLANG_CXX_LIBRARY = "libc++";
				CLANG_ENABLE_MODULES = YES;
				CLANG_ENABLE_OBJC_ARC = YES;
				CLANG_WARN_BOOL_CONVERSION = YES;
				CLANG_WARN_CONSTANT_CONVERSION = YES;
				CLANG_WARN_DIRECT_OBJC_ISA_USAGE = YES_ERROR;
				CLANG_WARN_EMPTY_BODY = YES;
				CLANG_WARN_ENUM_CONVERSION = YES;
				CLANG_WARN_INT_CONVERSION = YES;
				CLANG_WARN_OBJC_ROOT_CLASS = YES_ERROR;
				CLANG_WARN_UNREACHABLE_CODE = YES;
				CLANG_WARN__DUPLICATE_METHOD_MATCH = YES;
				CODE_SIGN_IDENTITY = "-";
				COPY_PHASE_STRIP = NO;
				DEBUG_INFORMATION_FORMAT = dwarf;
				ENABLE_STRICT_OBJC_MSGSEND = YES;
				ENABLE_TESTABILITY = YES;
				GCC_C_LANGUAGE_STANDARD = gnu99;
				GCC_DYNAMIC_NO_PIC = NO;
				GCC_NO_COMMON_BLOCKS = YES;
				GCC_OPTIMIZATION_LEVEL = 0;
				GCC_PREPROCESSOR_DEFINITIONS = (
					"DEBUG=1",
					"$(inherited)",
				);
				GCC_WARN_64_TO_32_BIT_CONVERSION = YES;
				GCC_WARN_ABOUT_RETURN_TYPE = YES_ERROR;
				GCC_WARN_UNDECLARED_SELECTOR = YES;
				GCC_WARN_UNINITIALIZED_AUTOS = YES_AGGRESSIVE;
				GCC_WARN_UNUSED_FUNCTION = YES;
				GCC_WARN_UNUSED_VARIABLE = YES;
				MACOSX_DEPLOYMENT_TARGET = 10.11;
				MTL_ENABLE_DEBUG_INFO = YES;
				ONLY_ACTIVE_ARCH = YES;
				PRODUCT_NAME = "$(TARGET_NAME)";
				SDKROOT = macosx;
				SWIFT_OPTIMIZATION_LEVEL = "-Onone";
			};
			name = Debug;
		};
		ED12A1BF1CED880B00F3EEF4 /* Release */ = {
			isa = XCBuildConfiguration;
			buildSettings = {
				ALWAYS_SEARCH_USER_PATHS = NO;
				CLANG_ANALYZER_NONNULL = YES;
				CLANG_CXX_LANGUAGE_STANDARD = "gnu++0x";
				CLANG_CXX_LIBRARY = "libc++";
				CLANG_ENABLE_MODULES = YES;
				CLANG_ENABLE_OBJC_ARC = YES;
				CLANG_WARN_BOOL_CONVERSION = YES;
				CLANG_WARN_CONSTANT_CONVERSION = YES;
				CLANG_WARN_DIRECT_OBJC_ISA_USAGE = YES_ERROR;
				CLANG_WARN_EMPTY_BODY = YES;
				CLANG_WARN_ENUM_CONVERSION = YES;
				CLANG_WARN_INT_CONVERSION = YES;
				CLANG_WARN_OBJC_ROOT_CLASS = YES_ERROR;
				CLANG_WARN_UNREACHABLE_CODE = YES;
				CLANG_WARN__DUPLICATE_METHOD_MATCH = YES;
				CODE_SIGN_IDENTITY = "-";
				COPY_PHASE_STRIP = NO;
				DEBUG_INFORMATION_FORMAT = "dwarf-with-dsym";
				ENABLE_NS_ASSERTIONS = NO;
				ENABLE_STRICT_OBJC_MSGSEND = YES;
				GCC_C_LANGUAGE_STANDARD = gnu99;
				GCC_NO_COMMON_BLOCKS = YES;
				GCC_WARN_64_TO_32_BIT_CONVERSION = YES;
				GCC_WARN_ABOUT_RETURN_TYPE = YES_ERROR;
				GCC_WARN_UNDECLARED_SELECTOR = YES;
				GCC_WARN_UNINITIALIZED_AUTOS = YES_AGGRESSIVE;
				GCC_WARN_UNUSED_FUNCTION = YES;
				GCC_WARN_UNUSED_VARIABLE = YES;
				MACOSX_DEPLOYMENT_TARGET = 10.11;
				MTL_ENABLE_DEBUG_INFO = NO;
				PRODUCT_NAME = "$(TARGET_NAME)";
				SDKROOT = macosx;
			};
			name = Release;
		};
		ED9B0A871CED7BDB00DEAC3C /* Debug */ = {
			isa = XCBuildConfiguration;
			buildSettings = {
			};
			name = Debug;
		};
		ED9B0A881CED7BDB00DEAC3C /* Release */ = {
			isa = XCBuildConfiguration;
			buildSettings = {
			};
			name = Release;
		};
/* End XCBuildConfiguration section */

/* Begin XCConfigurationList section */
		ED12A1BD1CED880B00F3EEF4 /* Build configuration list for PBXNativeTarget "empty" */ = {
			isa = XCConfigurationList;
			buildConfigurations = (
				ED12A1BE1CED880B00F3EEF4 /* Debug */,
				ED12A1BF1CED880B00F3EEF4 /* Release */,
			);
			defaultConfigurationIsVisible = 0;
			defaultConfigurationName = Release;
		};
		ED9B0A861CED7BDB00DEAC3C /* Build configuration list for PBXProject "lib" */ = {
			isa = XCConfigurationList;
			buildConfigurations = (
				ED9B0A871CED7BDB00DEAC3C /* Debug */,
				ED9B0A881CED7BDB00DEAC3C /* Release */,
			);
			defaultConfigurationIsVisible = 0;
			defaultConfigurationName = Release;
		};
/* End XCConfigurationList section */
	};
	rootObject = ED9B0A831CED7BDB00DEAC3C /* Project object */;
}
